<?xml version="1.0" encoding="utf-8"?>
<Project ToolsVersion="4.0" xmlns="http://schemas.microsoft.com/developer/msbuild/2003">
  <ItemGroup>
    <Filter Include="Source Files">
      <UniqueIdentifier>{4FC737F1-C7A5-4376-A066-2A32D752A2FF}</UniqueIdentifier>
      <Extensions>cpp;c;cc;cxx;c++;def;odl;idl;hpj;bat;asm;asmx</Extensions>
    </Filter>
    <Filter Include="Header Files">
      <UniqueIdentifier>{93995380-89BD-4b04-88EB-625FBE52EBFB}</UniqueIdentifier>
      <Extensions>h;hh;hpp;hxx;h++;hm;inl;inc;ipp;xsd</Extensions>
    </Filter>
    <Filter Include="Resource Files">
      <UniqueIdentifier>{67DA6AB6-F800-4c08-8B7A-83BB121AAD01}</UniqueIdentifier>
      <Extensions>rc;ico;cur;bmp;dlg;rc2;rct;bin;rgs;gif;jpg;jpeg;jpe;resx;tiff;tif;png;wav;mfcribbon-ms</Extensions>
    </Filter>
    <Filter Include="Source Files\Core">
      <UniqueIdentifier>{d64c3670-74cc-4aef-a306-b3704347fc5e}</UniqueIdentifier>
    </Filter>
    <Filter Include="Header Files\Core">
      <UniqueIdentifier>{28aeff79-ba21-480b-a6d6-89823c96509d}</UniqueIdentifier>
    </Filter>
    <Filter Include="Source Files\Etc">
      <UniqueIdentifier>{1f97f5c8-cf66-428b-b537-e06a0ea02a1a}</UniqueIdentifier>
    </Filter>
    <Filter Include="Header Files\Etc">
      <UniqueIdentifier>{4ecd16ce-e0f2-4c9b-be84-a2cf5c111a6e}</UniqueIdentifier>
    </Filter>
  </ItemGroup>
  <ItemGroup>
    <ClCompile Include="Application.cpp">
      <Filter>Source Files\Core</Filter>
    </ClCompile>
    <ClCompile Include="Game\Client\Client.cpp">
      <Filter>Source Files\Core</Filter>
    </ClCompile>
    <ClCompile Include="Game\Cryptography\Cryptography.cpp">
      <Filter>Source Files\Core</Filter>
    </ClCompile>
    <ClCompile Include="dllmain.cpp">
      <Filter>Source Files\Core</Filter>
    </ClCompile>
    <ClCompile Include="Game\ESP\ESP.cpp">
      <Filter>Source Files\Core</Filter>
    </ClCompile>
    <ClCompile Include="Game\Game.cpp">
      <Filter>Source Files\Core</Filter>
    </ClCompile>
    <ClCompile Include="Hook\Hook.cpp">
      <Filter>Source Files\Core</Filter>
    </ClCompile>
    <ClCompile Include="Game\Gfx\GfxViewport\GfxViewport.cpp">
      <Filter>Source Files\Etc</Filter>
    </ClCompile>
    <ClCompile Include="Game\Graphics\Graphics.cpp">
      <Filter>Source Files\Etc</Filter>
    </ClCompile>
    <ClCompile Include="vendors\imgui\imgui.cpp">
      <Filter>Source Files\Etc</Filter>
    </ClCompile>
    <ClCompile Include="vendors\imgui\imgui_draw.cpp">
      <Filter>Source Files\Etc</Filter>
    </ClCompile>
    <ClCompile Include="vendors\imgui\imgui_impl_dx12.cpp">
      <Filter>Source Files\Etc</Filter>
    </ClCompile>
    <ClCompile Include="vendors\imgui\imgui_impl_win32.cpp">
      <Filter>Source Files\Etc</Filter>
    </ClCompile>
    <ClCompile Include="Game\LerpFrame\lerpFrame_t.cpp">
      <Filter>Source Files\Etc</Filter>
    </ClCompile>
    <ClCompile Include="vendors\imgui\imgui_widgets.cpp">
      <Filter>Source Files\Etc</Filter>
    </ClCompile>
    <ClCompile Include="Utilities\Math\Math.cpp">
      <Filter>Source Files\Etc</Filter>
    </ClCompile>
    <ClCompile Include="Game\Client\Local\Local.cpp">
      <Filter>Source Files\Etc</Filter>
    </ClCompile>
    <ClCompile Include="Utilities\Process\Process.cpp">
      <Filter>Source Files\Etc</Filter>
    </ClCompile>
    <ClCompile Include="Game\Refdef\RefdefView\RefdefView.cpp">
      <Filter>Source Files\Etc</Filter>
    </ClCompile>
    <ClCompile Include="Utilities\Sys\Sys.cpp">
      <Filter>Source Files\Etc</Filter>
    </ClCompile>
    <ClCompile Include="Utilities\Timer\Timer.cpp">
      <Filter>Source Files\Etc</Filter>
    </ClCompile>
    <ClCompile Include="Utilities\Math\Vector\Vector2\Vector2.cpp">
      <Filter>Source Files\Etc</Filter>
    </ClCompile>
    <ClCompile Include="Utilities\Math\Vector\Vector3\Vector3.cpp">
      <Filter>Source Files\Etc</Filter>
    </ClCompile>
    <ClCompile Include="Game\XAnim\XAnim_s\XAnim_s.cpp">
      <Filter>Source Files\Etc</Filter>
    </ClCompile>
    <ClCompile Include="Game\XAnim\XAnimEntry\XAnimEntry.cpp">
      <Filter>Source Files\Etc</Filter>
    </ClCompile>
    <ClCompile Include="Game\XAnim\XAnimParent\XAnimParent.cpp">
      <Filter>Source Files\Etc</Filter>
    </ClCompile>
    <ClCompile Include="Game\XAnim\XAnimTree\XAnimTree.cpp">
      <Filter>Source Files\Etc</Filter>
    </ClCompile>
    <ClCompile Include="Game\CEntity\centity_s.cpp">
      <Filter>Source Files\Core</Filter>
    </ClCompile>
    <ClCompile Include="Game\Client\CharacterInfo\characterInfo_t.cpp">
      <Filter>Source Files\Core</Filter>
    </ClCompile>
    <ClCompile Include="Game\Refdef\refdef_t.cpp">
      <Filter>Source Files\Core</Filter>
    </ClCompile>
  </ItemGroup>
  <ItemGroup>
    <ClInclude Include="Application.h">
      <Filter>Header Files\Core</Filter>
    </ClInclude>
    <ClInclude Include="Game\CEntity\centity_s.h">
      <Filter>Header Files\Core</Filter>
    </ClInclude>
    <ClInclude Include="Game\Client\Client.h">
      <Filter>Header Files\Core</Filter>
    </ClInclude>
    <ClInclude Include="Game\Dynamic.h">
      <Filter>Header Files\Core</Filter>
    </ClInclude>
    <ClInclude Include="Game\ESP\ESP.h">
      <Filter>Header Files\Core</Filter>
    </ClInclude>
    <ClInclude Include="Game\Game.h">
      <Filter>Header Files\Core</Filter>
    </ClInclude>
    <ClInclude Include="Hook\Hook.h">
      <Filter>Header Files\Core</Filter>
    </ClInclude>
    <ClInclude Include="Game\Enums\CharacterStance.h">
      <Filter>Header Files\Etc</Filter>
    </ClInclude>
    <ClInclude Include="Game\Enums\clientConnected_t.h">
      <Filter>Header Files\Etc</Filter>
    </ClInclude>
    <ClInclude Include="Game\Enums\CriticalSection.h">
      <Filter>Header Files\Etc</Filter>
    </ClInclude>
    <ClInclude Include="vendors\ida\defs.h">
      <Filter>Header Files\Etc</Filter>
    </ClInclude>
    <ClInclude Include="Game\Enums\EntityStance.h">
      <Filter>Header Files\Etc</Filter>
    </ClInclude>
    <ClInclude Include="Game\Gfx\GfxViewport\GfxViewport.h">
      <Filter>Header Files\Etc</Filter>
    </ClInclude>
    <ClInclude Include="Game\Enums\errorParm_t.h">
      <Filter>Header Files\Etc</Filter>
    </ClInclude>
    <ClInclude Include="Game\Graphics\Graphics.h">
      <Filter>Header Files\Etc</Filter>
    </ClInclude>
    <ClInclude Include="vendors\imgui\imconfig.h">
      <Filter>Header Files\Etc</Filter>
    </ClInclude>
    <ClInclude Include="vendors\imgui\imgui.h">
      <Filter>Header Files\Etc</Filter>
    </ClInclude>
    <ClInclude Include="vendors\imgui\imgui_impl_dx12.h">
      <Filter>Header Files\Etc</Filter>
    </ClInclude>
    <ClInclude Include="vendors\imgui\imgui_impl_win32.h">
      <Filter>Header Files\Etc</Filter>
    </ClInclude>
    <ClInclude Include="vendors\imgui\imgui_internal.h">
      <Filter>Header Files\Etc</Filter>
    </ClInclude>
    <ClInclude Include="vendors\imgui\imstb_rectpack.h">
      <Filter>Header Files\Etc</Filter>
    </ClInclude>
    <ClInclude Include="vendors\imgui\imstb_textedit.h">
      <Filter>Header Files\Etc</Filter>
    </ClInclude>
    <ClInclude Include="Game\LerpFrame\lerpFrame_t.h">
      <Filter>Header Files\Etc</Filter>
    </ClInclude>
    <ClInclude Include="vendors\imgui\imstb_truetype.h">
      <Filter>Header Files\Etc</Filter>
    </ClInclude>
    <ClInclude Include="Game\Client\Local\Local.h">
      <Filter>Header Files\Etc</Filter>
    </ClInclude>
    <ClInclude Include="Utilities\Math\Math.h">
      <Filter>Header Files\Etc</Filter>
    </ClInclude>
    <ClInclude Include="vendors\minhook\include\MinHook.h">
      <Filter>Header Files\Etc</Filter>
    </ClInclude>
    <ClInclude Include="Utilities\Process\Process.h">
      <Filter>Header Files\Etc</Filter>
    </ClInclude>
    <ClInclude Include="Game\Refdef\RefdefView\RefdefView.h">
      <Filter>Header Files\Etc</Filter>
    </ClInclude>
    <ClInclude Include="Game\Enums\saveFieldtype_t.h">
      <Filter>Header Files\Etc</Filter>
    </ClInclude>
    <ClInclude Include="Game\Enums\SentientType.h">
      <Filter>Header Files\Etc</Filter>
    </ClInclude>
    <ClInclude Include="Game\Enums\sessionState_t.h">
      <Filter>Header Files\Etc</Filter>
    </ClInclude>
    <ClInclude Include="stdafx.h">
      <Filter>Header Files\Etc</Filter>
    </ClInclude>
    <ClInclude Include="Utilities\Sys\Sys.h">
      <Filter>Header Files\Etc</Filter>
    </ClInclude>
    <ClInclude Include="Game\Enums\team_t.h">
      <Filter>Header Files\Etc</Filter>
    </ClInclude>
    <ClInclude Include="Utilities\Timer\Timer.h">
      <Filter>Header Files\Etc</Filter>
    </ClInclude>
    <ClInclude Include="Game\Enums\TraceHitType.h">
      <Filter>Header Files\Etc</Filter>
    </ClInclude>
    <ClInclude Include="Game\Enums\trType_t.h">
      <Filter>Header Files\Etc</Filter>
    </ClInclude>
    <ClInclude Include="Utilities\Math\Vector\Vector2\Vector2.h">
      <Filter>Header Files\Etc</Filter>
    </ClInclude>
    <ClInclude Include="Utilities\Math\Vector\Vector3\Vector3.h">
      <Filter>Header Files\Etc</Filter>
    </ClInclude>
    <ClInclude Include="Game\XAnim\XAnim_s\XAnim_s.h">
      <Filter>Header Files\Etc</Filter>
    </ClInclude>
    <ClInclude Include="Game\XAnim\XAnimEntry\XAnimEntry.h">
      <Filter>Header Files\Etc</Filter>
    </ClInclude>
    <ClInclude Include="Game\XAnim\XAnimParent\XAnimParent.h">
      <Filter>Header Files\Etc</Filter>
    </ClInclude>
    <ClInclude Include="Game\XAnim\XAnimTree\XAnimTree.h">
      <Filter>Header Files\Etc</Filter>
    </ClInclude>
    <ClInclude Include="Game\Cryptography\Cryptography.h">
      <Filter>Header Files\Core</Filter>
    </ClInclude>
    <ClInclude Include="Game\Client\CharacterInfo\characterInfo_t.h">
      <Filter>Header Files\Core</Filter>
    </ClInclude>
    <ClInclude Include="Game\Refdef\refdef_t.h">
      <Filter>Header Files\Core</Filter>
    </ClInclude>
  </ItemGroup>
</Project>